
Microsoft Visual Studio Solution File, Format Version 12.00
# Visual Studio Version 17
VisualStudioVersion = 17.9.34902.65
MinimumVisualStudioVersion = 10.0.40219.1
Project("{FAE04EC0-301F-11D3-BF4B-00C04F79EFBC}") = "CanguroApi", "CanguroApi\CanguroApi.csproj", "{5A9FE5C9-A709-46A8-BFD6-C1CA03A52F00}"
EndProject
Global
	GlobalSection(SolutionConfigurationPlatforms) = preSolution
		Debug|Any CPU = Debug|Any CPU
		Release|Any CPU = Release|Any CPU
	EndGlobalSection
	GlobalSection(ProjectConfigurationPlatforms) = postSolution
		{5A9FE5C9-A709-46A8-BFD6-C1CA03A52F00}.Debug|Any CPU.ActiveCfg = Debug|Any CPU
		{5A9FE5C9-A709-46A8-BFD6-C1CA03A52F00}.Debug|Any CPU.Build.0 = Debug|Any CPU
		{5A9FE5C9-A709-46A8-BFD6-C1CA03A52F00}.Release|Any CPU.ActiveCfg = Release|Any CPU
		{5A9FE5C9-A709-46A8-BFD6-C1CA03A52F00}.Release|Any CPU.Build.0 = Release|Any CPU
	EndGlobalSection
	GlobalSection(SolutionProperties) = preSolution
		HideSolutionNode = FALSE
	EndGlobalSection
	GlobalSection(ExtensibilityGlobals) = postSolution
		SolutionGuid = {745C4769-BC78-4BF5-9DF8-F8EE3A1A49AF}
	EndGlobalSection
EndGlobal
